
Microsoft Visual Studio Solution File, Format Version 12.00
# Visual Studio Version 16
VisualStudioVersion = 16.0.810.18
MinimumVisualStudioVersion = 10.0.40219.1
Project("{FAE04EC0-301F-11D3-BF4B-00C04F79EFBC}") = "App_course", "App_course\App_course.csproj", "{EB2D48FC-6DBF-4C37-8206-A48D5F021A75}"
EndProject
Global
	GlobalSection(SolutionConfigurationPlatforms) = preSolution
		Debug|Any CPU = Debug|Any CPU
		Release|Any CPU = Release|Any CPU
	EndGlobalSection
	GlobalSection(ProjectConfigurationPlatforms) = postSolution
		{EB2D48FC-6DBF-4C37-8206-A48D5F021A75}.Debug|Any CPU.ActiveCfg = Debug|Any CPU
		{EB2D48FC-6DBF-4C37-8206-A48D5F021A75}.Debug|Any CPU.Build.0 = Debug|Any CPU
		{EB2D48FC-6DBF-4C37-8206-A48D5F021A75}.Release|Any CPU.ActiveCfg = Release|Any CPU
		{EB2D48FC-6DBF-4C37-8206-A48D5F021A75}.Release|Any CPU.Build.0 = Release|Any CPU
	EndGlobalSection
	GlobalSection(SolutionProperties) = preSolution
		HideSolutionNode = FALSE
	EndGlobalSection
	GlobalSection(ExtensibilityGlobals) = postSolution
		SolutionGuid = {589BFA2E-5D65-470A-B01F-08FF8CB668A0}
	EndGlobalSection
EndGlobal
